
Microsoft Visual Studio Solution File, Format Version 12.00
# Visual Studio Version 17
VisualStudioVersion = 17.12.35527.113 d17.12
MinimumVisualStudioVersion = 10.0.40219.1
Project("{FAE04EC0-301F-11D3-BF4B-00C04F79EFBC}") = "LedPhotoEffectAI", "LedPhotoEffectAI.csproj", "{94676E08-8061-4243-9CE1-B399CAD138B4}"
EndProject
Global
	GlobalSection(SolutionConfigurationPlatforms) = preSolution
		Debug|Any CPU = Debug|Any CPU
		Debug|x64 = Debug|x64
		Release|Any CPU = Release|Any CPU
		Release|x64 = Release|x64
	EndGlobalSection
	GlobalSection(ProjectConfigurationPlatforms) = postSolution
		{94676E08-8061-4243-9CE1-B399CAD138B4}.Debug|Any CPU.ActiveCfg = Debug|x64
		{94676E08-8061-4243-9CE1-B399CAD138B4}.Debug|Any CPU.Build.0 = Debug|x64
		{94676E08-8061-4243-9CE1-B399CAD138B4}.Debug|x64.ActiveCfg = Debug|x64
		{94676E08-8061-4243-9CE1-B399CAD138B4}.Debug|x64.Build.0 = Debug|x64
		{94676E08-8061-4243-9CE1-B399CAD138B4}.Release|Any CPU.ActiveCfg = Release|Any CPU
		{94676E08-8061-4243-9CE1-B399CAD138B4}.Release|Any CPU.Build.0 = Release|Any CPU
		{94676E08-8061-4243-9CE1-B399CAD138B4}.Release|x64.ActiveCfg = Release|x64
		{94676E08-8061-4243-9CE1-B399CAD138B4}.Release|x64.Build.0 = Release|x64
	EndGlobalSection
	GlobalSection(SolutionProperties) = preSolution
		HideSolutionNode = FALSE
	EndGlobalSection
	GlobalSection(ExtensibilityGlobals) = postSolution
		SolutionGuid = {61EBC9F2-0E7D-4B6B-9B6D-3D79CD91E108}
	EndGlobalSection
EndGlobal
